
Microsoft Visual Studio Solution File, Format Version 12.00
# Visual Studio Version 16
VisualStudioVersion = 16.0.808.6
MinimumVisualStudioVersion = 10.0.40219.1
Project("{FAE04EC0-301F-11D3-BF4B-00C04F79EFBC}") = "learning-cSharp", "learning-cSharp\learning-cSharp.csproj", "{294DA033-229F-439D-9E19-9FFEA5205D27}"
EndProject
Global
	GlobalSection(SolutionConfigurationPlatforms) = preSolution
		Debug|anycpu = Debug|anycpu
		Release|anycpu = Release|anycpu
	EndGlobalSection
	GlobalSection(ProjectConfigurationPlatforms) = postSolution
		{294DA033-229F-439D-9E19-9FFEA5205D27}.Debug|anycpu.ActiveCfg = Debug|anycpu
		{294DA033-229F-439D-9E19-9FFEA5205D27}.Debug|anycpu.Build.0 = Debug|anycpu
		{294DA033-229F-439D-9E19-9FFEA5205D27}.Release|anycpu.ActiveCfg = Release|anycpu
		{294DA033-229F-439D-9E19-9FFEA5205D27}.Release|anycpu.Build.0 = Release|anycpu
	EndGlobalSection
	GlobalSection(SolutionProperties) = preSolution
		HideSolutionNode = FALSE
	EndGlobalSection
	GlobalSection(ExtensibilityGlobals) = postSolution
		SolutionGuid = {BF319B16-9CE7-42F4-AE34-9DB3CEE37296}
	EndGlobalSection
EndGlobal
